
Microsoft Visual Studio Solution File, Format Version 12.00
# Visual Studio Version 17
VisualStudioVersion = 17.6.33723.286
MinimumVisualStudioVersion = 10.0.40219.1
Project("{FAE04EC0-301F-11D3-BF4B-00C04F79EFBC}") = "SnowflakeConsoleApp", "SnowflakeConsoleApp\SnowflakeConsoleApp.csproj", "{F69C8D52-F578-4031-9A2A-7B1FC480492B}"
EndProject
Global
	GlobalSection(SolutionConfigurationPlatforms) = preSolution
		Debug|Any CPU = Debug|Any CPU
		Release|Any CPU = Release|Any CPU
	EndGlobalSection
	GlobalSection(ProjectConfigurationPlatforms) = postSolution
		{F69C8D52-F578-4031-9A2A-7B1FC480492B}.Debug|Any CPU.ActiveCfg = Debug|Any CPU
		{F69C8D52-F578-4031-9A2A-7B1FC480492B}.Debug|Any CPU.Build.0 = Debug|Any CPU
		{F69C8D52-F578-4031-9A2A-7B1FC480492B}.Release|Any CPU.ActiveCfg = Release|Any CPU
		{F69C8D52-F578-4031-9A2A-7B1FC480492B}.Release|Any CPU.Build.0 = Release|Any CPU
	EndGlobalSection
	GlobalSection(SolutionProperties) = preSolution
		HideSolutionNode = FALSE
	EndGlobalSection
	GlobalSection(ExtensibilityGlobals) = postSolution
		SolutionGuid = {3F3DEB61-0D63-4AEF-8A83-E3F0EA5164AF}
	EndGlobalSection
EndGlobal
